
Microsoft Visual Studio Solution File, Format Version 12.00
# Visual Studio Version 16
VisualStudioVersion = 16.0.28803.156
MinimumVisualStudioVersion = 10.0.40219.1
Project("{8BC9CEB8-8B4A-11D0-8D11-00A0C91BC942}") = "CornField", "CornField\CornField.vcxproj", "{04F8CEE7-93E7-4B84-8FCA-C67C498785BA}"
EndProject
Project("{8BC9CEB8-8B4A-11D0-8D11-00A0C91BC942}") = "Test", "Test\Test.vcxproj", "{1E27F677-C291-46EE-B43C-81959F941917}"
EndProject
Global
	GlobalSection(SolutionConfigurationPlatforms) = preSolution
		Debug|x64 = Debug|x64
		Debug|x86 = Debug|x86
		Release|x64 = Release|x64
		Release|x86 = Release|x86
	EndGlobalSection
	GlobalSection(ProjectConfigurationPlatforms) = postSolution
		{04F8CEE7-93E7-4B84-8FCA-C67C498785BA}.Debug|x64.ActiveCfg = Debug|x64
		{04F8CEE7-93E7-4B84-8FCA-C67C498785BA}.Debug|x64.Build.0 = Debug|x64
		{04F8CEE7-93E7-4B84-8FCA-C67C498785BA}.Debug|x86.ActiveCfg = Debug|Win32
		{04F8CEE7-93E7-4B84-8FCA-C67C498785BA}.Debug|x86.Build.0 = Debug|Win32
		{04F8CEE7-93E7-4B84-8FCA-C67C498785BA}.Release|x64.ActiveCfg = Release|x64
		{04F8CEE7-93E7-4B84-8FCA-C67C498785BA}.Release|x64.Build.0 = Release|x64
		{04F8CEE7-93E7-4B84-8FCA-C67C498785BA}.Release|x86.ActiveCfg = Release|Win32
		{04F8CEE7-93E7-4B84-8FCA-C67C498785BA}.Release|x86.Build.0 = Release|Win32
		{1E27F677-C291-46EE-B43C-81959F941917}.Debug|x64.ActiveCfg = Debug|x64
		{1E27F677-C291-46EE-B43C-81959F941917}.Debug|x64.Build.0 = Debug|x64
		{1E27F677-C291-46EE-B43C-81959F941917}.Debug|x86.ActiveCfg = Debug|Win32
		{1E27F677-C291-46EE-B43C-81959F941917}.Debug|x86.Build.0 = Debug|Win32
		{1E27F677-C291-46EE-B43C-81959F941917}.Release|x64.ActiveCfg = Release|x64
		{1E27F677-C291-46EE-B43C-81959F941917}.Release|x64.Build.0 = Release|x64
		{1E27F677-C291-46EE-B43C-81959F941917}.Release|x86.ActiveCfg = Release|Win32
		{1E27F677-C291-46EE-B43C-81959F941917}.Release|x86.Build.0 = Release|Win32
	EndGlobalSection
	GlobalSection(SolutionProperties) = preSolution
		HideSolutionNode = FALSE
	EndGlobalSection
	GlobalSection(ExtensibilityGlobals) = postSolution
		SolutionGuid = {C18B7F59-A50B-46EC-AA08-D331396B6718}
	EndGlobalSection
EndGlobal
